
Microsoft Visual Studio Solution File, Format Version 12.00
# Visual Studio 15
VisualStudioVersion = 15.0.27703.1
MinimumVisualStudioVersion = 10.0.40219.1
Project("{FAE04EC0-301F-11D3-BF4B-00C04F79EFBC}") = "SistemaVendas.Forms", "SistemaVendas.Forms\SistemaVendas.Forms.csproj", "{E153B275-8E6F-4C54-889D-88A68F94F5A7}"
EndProject
Project("{FAE04EC0-301F-11D3-BF4B-00C04F79EFBC}") = "SistemaVendas.Data", "SistemaVendas.Data\SistemaVendas.Data.csproj", "{2D3CB3BC-9C89-473E-8D54-77697EC0DCAD}"
EndProject
Project("{FAE04EC0-301F-11D3-BF4B-00C04F79EFBC}") = "SistemaVendas.Console", "SistemaVendas.Console\SistemaVendas.Console.csproj", "{7E99D5CD-A054-4851-829B-51DF98DC1B89}"
EndProject
Project("{FAE04EC0-301F-11D3-BF4B-00C04F79EFBC}") = "SistemaVendas.Models", "SistemaVendas.Models\SistemaVendas.Models.csproj", "{E9BD2AA4-F090-49F8-BA04-49A09739C67B}"
EndProject
Project("{FAE04EC0-301F-11D3-BF4B-00C04F79EFBC}") = "SistemaVendas.Controllers", "SistemaVendas.Controllers\SistemaVendas.Controllers.csproj", "{3B719CC8-3D88-4F67-8E66-7D8C1FC66CCC}"
EndProject
Project("{FAE04EC0-301F-11D3-BF4B-00C04F79EFBC}") = "SistemaVendas.ReportViewer", "SistemaVendas.ReportViewer\SistemaVendas.ReportViewer.csproj", "{81427A38-98FA-42A7-8B2A-8F7B0CEEE401}"
EndProject
Global
	GlobalSection(SolutionConfigurationPlatforms) = preSolution
		Debug|Any CPU = Debug|Any CPU
		Release|Any CPU = Release|Any CPU
	EndGlobalSection
	GlobalSection(ProjectConfigurationPlatforms) = postSolution
		{E153B275-8E6F-4C54-889D-88A68F94F5A7}.Debug|Any CPU.ActiveCfg = Debug|Any CPU
		{E153B275-8E6F-4C54-889D-88A68F94F5A7}.Debug|Any CPU.Build.0 = Debug|Any CPU
		{E153B275-8E6F-4C54-889D-88A68F94F5A7}.Release|Any CPU.ActiveCfg = Release|Any CPU
		{E153B275-8E6F-4C54-889D-88A68F94F5A7}.Release|Any CPU.Build.0 = Release|Any CPU
		{2D3CB3BC-9C89-473E-8D54-77697EC0DCAD}.Debug|Any CPU.ActiveCfg = Debug|Any CPU
		{2D3CB3BC-9C89-473E-8D54-77697EC0DCAD}.Debug|Any CPU.Build.0 = Debug|Any CPU
		{2D3CB3BC-9C89-473E-8D54-77697EC0DCAD}.Release|Any CPU.ActiveCfg = Release|Any CPU
		{2D3CB3BC-9C89-473E-8D54-77697EC0DCAD}.Release|Any CPU.Build.0 = Release|Any CPU
		{7E99D5CD-A054-4851-829B-51DF98DC1B89}.Debug|Any CPU.ActiveCfg = Debug|Any CPU
		{7E99D5CD-A054-4851-829B-51DF98DC1B89}.Debug|Any CPU.Build.0 = Debug|Any CPU
		{7E99D5CD-A054-4851-829B-51DF98DC1B89}.Release|Any CPU.ActiveCfg = Release|Any CPU
		{7E99D5CD-A054-4851-829B-51DF98DC1B89}.Release|Any CPU.Build.0 = Release|Any CPU
		{E9BD2AA4-F090-49F8-BA04-49A09739C67B}.Debug|Any CPU.ActiveCfg = Debug|Any CPU
		{E9BD2AA4-F090-49F8-BA04-49A09739C67B}.Debug|Any CPU.Build.0 = Debug|Any CPU
		{E9BD2AA4-F090-49F8-BA04-49A09739C67B}.Release|Any CPU.ActiveCfg = Release|Any CPU
		{E9BD2AA4-F090-49F8-BA04-49A09739C67B}.Release|Any CPU.Build.0 = Release|Any CPU
		{3B719CC8-3D88-4F67-8E66-7D8C1FC66CCC}.Debug|Any CPU.ActiveCfg = Debug|Any CPU
		{3B719CC8-3D88-4F67-8E66-7D8C1FC66CCC}.Debug|Any CPU.Build.0 = Debug|Any CPU
		{3B719CC8-3D88-4F67-8E66-7D8C1FC66CCC}.Release|Any CPU.ActiveCfg = Release|Any CPU
		{3B719CC8-3D88-4F67-8E66-7D8C1FC66CCC}.Release|Any CPU.Build.0 = Release|Any CPU
		{81427A38-98FA-42A7-8B2A-8F7B0CEEE401}.Debug|Any CPU.ActiveCfg = Debug|Any CPU
		{81427A38-98FA-42A7-8B2A-8F7B0CEEE401}.Debug|Any CPU.Build.0 = Debug|Any CPU
		{81427A38-98FA-42A7-8B2A-8F7B0CEEE401}.Release|Any CPU.ActiveCfg = Release|Any CPU
		{81427A38-98FA-42A7-8B2A-8F7B0CEEE401}.Release|Any CPU.Build.0 = Release|Any CPU
	EndGlobalSection
	GlobalSection(SolutionProperties) = preSolution
		HideSolutionNode = FALSE
	EndGlobalSection
	GlobalSection(ExtensibilityGlobals) = postSolution
		SolutionGuid = {3A201181-4214-4C13-9B56-D375C06C84B1}
	EndGlobalSection
EndGlobal
